
Microsoft Visual Studio Solution File, Format Version 12.00
# Visual Studio Version 17
VisualStudioVersion = 17.2.32526.322
MinimumVisualStudioVersion = 10.0.40219.1
Project("{8BC9CEB8-8B4A-11D0-8D11-00A0C91BC942}") = "ConsoleApplication1", "ConsoleApplication1.vcxproj", "{024DD6FE-5B58-4143-A3FE-6BC8C9060898}"
EndProject
Global
	GlobalSection(SolutionConfigurationPlatforms) = preSolution
		Debug|x64 = Debug|x64
		Debug|x86 = Debug|x86
		Release|x64 = Release|x64
		Release|x86 = Release|x86
	EndGlobalSection
	GlobalSection(ProjectConfigurationPlatforms) = postSolution
		{024DD6FE-5B58-4143-A3FE-6BC8C9060898}.Debug|x64.ActiveCfg = Debug|x64
		{024DD6FE-5B58-4143-A3FE-6BC8C9060898}.Debug|x64.Build.0 = Debug|x64
		{024DD6FE-5B58-4143-A3FE-6BC8C9060898}.Debug|x86.ActiveCfg = Debug|Win32
		{024DD6FE-5B58-4143-A3FE-6BC8C9060898}.Debug|x86.Build.0 = Debug|Win32
		{024DD6FE-5B58-4143-A3FE-6BC8C9060898}.Release|x64.ActiveCfg = Release|x64
		{024DD6FE-5B58-4143-A3FE-6BC8C9060898}.Release|x64.Build.0 = Release|x64
		{024DD6FE-5B58-4143-A3FE-6BC8C9060898}.Release|x86.ActiveCfg = Release|Win32
		{024DD6FE-5B58-4143-A3FE-6BC8C9060898}.Release|x86.Build.0 = Release|Win32
	EndGlobalSection
	GlobalSection(SolutionProperties) = preSolution
		HideSolutionNode = FALSE
	EndGlobalSection
	GlobalSection(ExtensibilityGlobals) = postSolution
		SolutionGuid = {BC9987DF-D47D-41CE-B6A9-F362B9F162E4}
	EndGlobalSection
EndGlobal
